{
    "_readme": [
        "This file locks the dependencies of your project to a known state",
        "Read more about it at https://getcomposer.org/doc/01-basic-usage.md#installing-dependencies",
        "This file is @generated automatically"
    ],
    "content-hash": "3582b0237577580a0de41e67f9cb5b50",
    "packages": [
        {
            "name": "clarion-app/http-queue",
            "version": "dev-main",
            "dist": {
                "type": "path",
                "url": "../http-queue",
                "reference": "8150d1037165a775dffcb4f219c87c4a8d35abef"
            },
            "type": "library",
            "extra": {
                "laravel": {
                    "providers": [
                        "ClarionApp\\HttpQueue\\HttpQueueServiceProvider"
                    ]
                }
            },
            "autoload": {
                "psr-4": {
                    "ClarionApp\\HttpQueue\\": "src/"
                }
            },
            "license": [
                "MIT"
            ],
            "authors": [
                {
                    "name": "Tim Schwartz",
                    "email": "tim@metaverse.systems"
                }
            ],
            "description": "Job queue for HTTP requests",
            "transport-options": {
                "relative": true
            }
        },
        {
            "name": "metaverse-systems/eloquent-multichain-bridge",
            "version": "dev-main",
            "source": {
                "type": "git",
                "url": "https://github.com/metaverse-systems/eloquent-multichain-bridge.git",
                "reference": "0f5f627f23803569e4d4b56c8a4c079ff5321523"
            },
            "dist": {
                "type": "zip",
                "url": "https://api.github.com/repos/metaverse-systems/eloquent-multichain-bridge/zipball/0f5f627f23803569e4d4b56c8a4c079ff5321523",
                "reference": "0f5f627f23803569e4d4b56c8a4c079ff5321523",
                "shasum": ""
            },
            "require": {
                "metaverse-systems/multichain-php-client": "^1.0"
            },
            "default-branch": true,
            "type": "library",
            "extra": {
                "laravel": {
                    "providers": [
                        "MetaverseSystems\\EloquentMultiChainBridge\\EloquentMultiChainProvider"
                    ]
                }
            },
            "autoload": {
                "psr-4": {
                    "App\\": "app/",
                    "MetaverseSystems\\EloquentMultiChainBridge\\": "src/"
                }
            },
            "notification-url": "https://packagist.org/downloads/",
            "license": [
                "MIT"
            ],
            "authors": [
                {
                    "name": "Tim Schwartz",
                    "email": "tim@metaverse.systems"
                }
            ],
            "description": "Replicates models onto blockchain",
            "support": {
                "issues": "https://github.com/metaverse-systems/eloquent-multichain-bridge/issues",
                "source": "https://github.com/metaverse-systems/eloquent-multichain-bridge/tree/main"
            },
            "time": "2022-12-18T08:31:39+00:00"
        },
        {
            "name": "metaverse-systems/multichain-php-client",
            "version": "v1.0.0",
            "source": {
                "type": "git",
                "url": "https://github.com/metaverse-systems/multichain-php-client.git",
                "reference": "a0736898f22ef4342ddbf4b843f60576ed68fbfe"
            },
            "dist": {
                "type": "zip",
                "url": "https://api.github.com/repos/metaverse-systems/multichain-php-client/zipball/a0736898f22ef4342ddbf4b843f60576ed68fbfe",
                "reference": "a0736898f22ef4342ddbf4b843f60576ed68fbfe",
                "shasum": ""
            },
            "type": "library",
            "extra": {
                "laravel": {
                    "providers": [
                        "MetaverseSystems\\MultiChain\\MultiChainProvider"
                    ],
                    "aliases": {
                        "MultiChain": "MetaverseSystems\\MultiChain\\Facades\\MultiChain"
                    }
                }
            },
            "autoload": {
                "psr-4": {
                    "App\\": "app/",
                    "MetaverseSystems\\MultiChain\\": "src/"
                }
            },
            "notification-url": "https://packagist.org/downloads/",
            "license": [
                "MIT"
            ],
            "authors": [
                {
                    "name": "Tim Schwartz",
                    "email": "tim@metaverse.systems"
                }
            ],
            "description": "PHP package for communicating with MultiChain node",
            "support": {
                "issues": "https://github.com/metaverse-systems/multichain-php-client/issues",
                "source": "https://github.com/metaverse-systems/multichain-php-client/tree/v1.0.0"
            },
            "time": "2022-12-18T07:28:18+00:00"
        },
        {
            "name": "php-webdriver/webdriver",
            "version": "dev-main",
            "source": {
                "type": "git",
                "url": "https://github.com/php-webdriver/php-webdriver.git",
                "reference": "35a84708e33dcc2c1eeef47f9ae48f000cb94c89"
            },
            "dist": {
                "type": "zip",
                "url": "https://api.github.com/repos/php-webdriver/php-webdriver/zipball/35a84708e33dcc2c1eeef47f9ae48f000cb94c89",
                "reference": "35a84708e33dcc2c1eeef47f9ae48f000cb94c89",
                "shasum": ""
            },
            "require": {
                "ext-curl": "*",
                "ext-json": "*",
                "ext-zip": "*",
                "php": "^7.3 || ^8.0",
                "symfony/polyfill-mbstring": "^1.12",
                "symfony/process": "^5.0 || ^6.0 || ^7.0"
            },
            "replace": {
                "facebook/webdriver": "*"
            },
            "require-dev": {
                "ergebnis/composer-normalize": "^2.20.0",
                "ondram/ci-detector": "^4.0",
                "php-coveralls/php-coveralls": "^2.4",
                "php-mock/php-mock-phpunit": "^2.0",
                "php-parallel-lint/php-parallel-lint": "^1.2",
                "phpunit/phpunit": "^9.3",
                "squizlabs/php_codesniffer": "^3.5",
                "symfony/var-dumper": "^5.0 || ^6.0 || ^7.0"
            },
            "suggest": {
                "ext-SimpleXML": "For Firefox profile creation"
            },
            "default-branch": true,
            "type": "library",
            "autoload": {
                "files": [
                    "lib/Exception/TimeoutException.php"
                ],
                "psr-4": {
                    "Facebook\\WebDriver\\": "lib/"
                }
            },
            "notification-url": "https://packagist.org/downloads/",
            "license": [
                "MIT"
            ],
            "description": "A PHP client for Selenium WebDriver. Previously facebook/webdriver.",
            "homepage": "https://github.com/php-webdriver/php-webdriver",
            "keywords": [
                "Chromedriver",
                "geckodriver",
                "php",
                "selenium",
                "webdriver"
            ],
            "support": {
                "issues": "https://github.com/php-webdriver/php-webdriver/issues",
                "source": "https://github.com/php-webdriver/php-webdriver/tree/main"
            },
            "time": "2023-11-06T17:28:23+00:00"
        },
        {
            "name": "symfony/polyfill-mbstring",
            "version": "1.x-dev",
            "source": {
                "type": "git",
                "url": "https://github.com/symfony/polyfill-mbstring.git",
                "reference": "42292d99c55abe617799667f454222c54c60e229"
            },
            "dist": {
                "type": "zip",
                "url": "https://api.github.com/repos/symfony/polyfill-mbstring/zipball/42292d99c55abe617799667f454222c54c60e229",
                "reference": "42292d99c55abe617799667f454222c54c60e229",
                "shasum": ""
            },
            "require": {
                "php": ">=7.1"
            },
            "provide": {
                "ext-mbstring": "*"
            },
            "suggest": {
                "ext-mbstring": "For best performance"
            },
            "default-branch": true,
            "type": "library",
            "extra": {
                "branch-alias": {
                    "dev-main": "1.28-dev"
                },
                "thanks": {
                    "name": "symfony/polyfill",
                    "url": "https://github.com/symfony/polyfill"
                }
            },
            "autoload": {
                "files": [
                    "bootstrap.php"
                ],
                "psr-4": {
                    "Symfony\\Polyfill\\Mbstring\\": ""
                }
            },
            "notification-url": "https://packagist.org/downloads/",
            "license": [
                "MIT"
            ],
            "authors": [
                {
                    "name": "Nicolas Grekas",
                    "email": "p@tchwork.com"
                },
                {
                    "name": "Symfony Community",
                    "homepage": "https://symfony.com/contributors"
                }
            ],
            "description": "Symfony polyfill for the Mbstring extension",
            "homepage": "https://symfony.com",
            "keywords": [
                "compatibility",
                "mbstring",
                "polyfill",
                "portable",
                "shim"
            ],
            "support": {
                "source": "https://github.com/symfony/polyfill-mbstring/tree/v1.28.0"
            },
            "funding": [
                {
                    "url": "https://symfony.com/sponsor",
                    "type": "custom"
                },
                {
                    "url": "https://github.com/fabpot",
                    "type": "github"
                },
                {
                    "url": "https://tidelift.com/funding/github/packagist/symfony/symfony",
                    "type": "tidelift"
                }
            ],
            "time": "2023-07-28T09:04:16+00:00"
        },
        {
            "name": "symfony/process",
            "version": "7.1.x-dev",
            "source": {
                "type": "git",
                "url": "https://github.com/symfony/process.git",
                "reference": "4eec9df2bcc0e83fe002ffefcd8f9cb088691eda"
            },
            "dist": {
                "type": "zip",
                "url": "https://api.github.com/repos/symfony/process/zipball/4eec9df2bcc0e83fe002ffefcd8f9cb088691eda",
                "reference": "4eec9df2bcc0e83fe002ffefcd8f9cb088691eda",
                "shasum": ""
            },
            "require": {
                "php": ">=8.2"
            },
            "type": "library",
            "autoload": {
                "psr-4": {
                    "Symfony\\Component\\Process\\": ""
                },
                "exclude-from-classmap": [
                    "/Tests/"
                ]
            },
            "notification-url": "https://packagist.org/downloads/",
            "license": [
                "MIT"
            ],
            "authors": [
                {
                    "name": "Fabien Potencier",
                    "email": "fabien@symfony.com"
                },
                {
                    "name": "Symfony Community",
                    "homepage": "https://symfony.com/contributors"
                }
            ],
            "description": "Executes commands in sub-processes",
            "homepage": "https://symfony.com",
            "support": {
                "source": "https://github.com/symfony/process/tree/7.1"
            },
            "funding": [
                {
                    "url": "https://symfony.com/sponsor",
                    "type": "custom"
                },
                {
                    "url": "https://github.com/fabpot",
                    "type": "github"
                },
                {
                    "url": "https://tidelift.com/funding/github/packagist/symfony/symfony",
                    "type": "tidelift"
                }
            ],
            "time": "2023-12-26T14:02:49+00:00"
        }
    ],
    "packages-dev": [],
    "aliases": [],
    "minimum-stability": "dev",
    "stability-flags": {
        "metaverse-systems/eloquent-multichain-bridge": 20,
        "clarion-app/http-queue": 20
    },
    "prefer-stable": false,
    "prefer-lowest": false,
    "platform": [],
    "platform-dev": [],
    "plugin-api-version": "2.6.0"
}
