{
    "_readme": [
        "This file locks the dependencies of your project to a known state",
        "Read more about it at https://getcomposer.org/doc/01-basic-usage.md#installing-dependencies",
        "This file is @generated automatically"
    ],
    "content-hash": "2db57910ccdb13207b422b5165938782",
    "packages": [
        {
            "name": "clarion-app/eloquent-multichain-bridge",
            "version": "dev-main",
            "source": {
                "type": "git",
                "url": "https://github.com/clarion-app/eloquent-multichain-bridge.git",
                "reference": "ad895a6476cc4d5efecd22090ff4ac578afe114c"
            },
            "dist": {
                "type": "zip",
                "url": "https://api.github.com/repos/clarion-app/eloquent-multichain-bridge/zipball/ad895a6476cc4d5efecd22090ff4ac578afe114c",
                "reference": "ad895a6476cc4d5efecd22090ff4ac578afe114c",
                "shasum": ""
            },
            "require": {
                "clarion-app/multichain": "dev-main"
            },
            "default-branch": true,
            "type": "library",
            "extra": {
                "laravel": {
                    "providers": [
                        "ClarionApp\\EloquentMultiChainBridge\\EloquentMultiChainProvider"
                    ]
                }
            },
            "autoload": {
                "psr-4": {
                    "App\\": "app/",
                    "ClarionApp\\EloquentMultiChainBridge\\": "src/"
                }
            },
            "notification-url": "https://packagist.org/downloads/",
            "license": [
                "MIT"
            ],
            "authors": [
                {
                    "name": "Tim Schwartz",
                    "email": "tim@metaverse.systems"
                }
            ],
            "description": "Replicates models onto blockchain",
            "support": {
                "issues": "https://github.com/clarion-app/eloquent-multichain-bridge/issues",
                "source": "https://github.com/clarion-app/eloquent-multichain-bridge/tree/main"
            },
            "time": "2024-07-30T02:28:23+00:00"
        },
        {
            "name": "clarion-app/http-queue",
            "version": "dev-main",
            "source": {
                "type": "git",
                "url": "https://github.com/clarion-app/http-queue.git",
                "reference": "1fe31d0109480df30506da0ffecf766e9dbc2c63"
            },
            "dist": {
                "type": "zip",
                "url": "https://api.github.com/repos/clarion-app/http-queue/zipball/1fe31d0109480df30506da0ffecf766e9dbc2c63",
                "reference": "1fe31d0109480df30506da0ffecf766e9dbc2c63",
                "shasum": ""
            },
            "default-branch": true,
            "type": "library",
            "extra": {
                "laravel": {
                    "providers": [
                        "ClarionApp\\HttpQueue\\HttpQueueServiceProvider"
                    ]
                }
            },
            "autoload": {
                "psr-4": {
                    "ClarionApp\\HttpQueue\\": "src/"
                }
            },
            "notification-url": "https://packagist.org/downloads/",
            "license": [
                "MIT"
            ],
            "authors": [
                {
                    "name": "Tim Schwartz",
                    "email": "tim@metaverse.systems"
                }
            ],
            "description": "Job queue for HTTP requests",
            "support": {
                "issues": "https://github.com/clarion-app/http-queue/issues",
                "source": "https://github.com/clarion-app/http-queue/tree/main"
            },
            "time": "2024-02-07T23:16:20+00:00"
        },
        {
            "name": "clarion-app/multichain",
            "version": "dev-main",
            "source": {
                "type": "git",
                "url": "https://github.com/clarion-app/multichain.git",
                "reference": "851e3feef7a048fbcd5d96e1bd9e127bd420e9da"
            },
            "dist": {
                "type": "zip",
                "url": "https://api.github.com/repos/clarion-app/multichain/zipball/851e3feef7a048fbcd5d96e1bd9e127bd420e9da",
                "reference": "851e3feef7a048fbcd5d96e1bd9e127bd420e9da",
                "shasum": ""
            },
            "default-branch": true,
            "type": "library",
            "extra": {
                "laravel": {
                    "providers": [
                        "ClarionApp\\MultiChain\\MultiChainProvider"
                    ],
                    "aliases": {
                        "MultiChain": "ClarionApp\\MultiChain\\Facades\\MultiChain"
                    }
                }
            },
            "autoload": {
                "psr-4": {
                    "App\\": "app/",
                    "ClarionApp\\MultiChain\\": "src/"
                }
            },
            "notification-url": "https://packagist.org/downloads/",
            "license": [
                "MIT"
            ],
            "authors": [
                {
                    "name": "Tim Schwartz",
                    "email": "tim@metaverse.systems"
                }
            ],
            "description": "PHP package for communicating with MultiChain RPC server",
            "support": {
                "issues": "https://github.com/clarion-app/multichain/issues",
                "source": "https://github.com/clarion-app/multichain/tree/main"
            },
            "time": "2024-07-30T01:48:34+00:00"
        },
        {
            "name": "php-webdriver/webdriver",
            "version": "dev-main",
            "source": {
                "type": "git",
                "url": "https://github.com/php-webdriver/php-webdriver.git",
                "reference": "11923b4ba312fc9d137266ae67438be65d4d500f"
            },
            "dist": {
                "type": "zip",
                "url": "https://api.github.com/repos/php-webdriver/php-webdriver/zipball/11923b4ba312fc9d137266ae67438be65d4d500f",
                "reference": "11923b4ba312fc9d137266ae67438be65d4d500f",
                "shasum": ""
            },
            "require": {
                "ext-curl": "*",
                "ext-json": "*",
                "ext-zip": "*",
                "php": "^7.3 || ^8.0",
                "symfony/polyfill-mbstring": "^1.12",
                "symfony/process": "^5.0 || ^6.0 || ^7.0"
            },
            "replace": {
                "facebook/webdriver": "*"
            },
            "require-dev": {
                "ergebnis/composer-normalize": "^2.20.0",
                "ondram/ci-detector": "^4.0",
                "php-coveralls/php-coveralls": "^2.4",
                "php-mock/php-mock-phpunit": "^2.0",
                "php-parallel-lint/php-parallel-lint": "^1.2",
                "phpunit/phpunit": "^9.3",
                "squizlabs/php_codesniffer": "^3.5",
                "symfony/var-dumper": "^5.0 || ^6.0 || ^7.0"
            },
            "suggest": {
                "ext-SimpleXML": "For Firefox profile creation"
            },
            "default-branch": true,
            "type": "library",
            "autoload": {
                "files": [
                    "lib/Exception/TimeoutException.php"
                ],
                "psr-4": {
                    "Facebook\\WebDriver\\": "lib/"
                }
            },
            "notification-url": "https://packagist.org/downloads/",
            "license": [
                "MIT"
            ],
            "description": "A PHP client for Selenium WebDriver. Previously facebook/webdriver.",
            "homepage": "https://github.com/php-webdriver/php-webdriver",
            "keywords": [
                "Chromedriver",
                "geckodriver",
                "php",
                "selenium",
                "webdriver"
            ],
            "support": {
                "issues": "https://github.com/php-webdriver/php-webdriver/issues",
                "source": "https://github.com/php-webdriver/php-webdriver/tree/main"
            },
            "time": "2024-04-26T16:49:05+00:00"
        },
        {
            "name": "symfony/polyfill-mbstring",
            "version": "1.x-dev",
            "source": {
                "type": "git",
                "url": "https://github.com/symfony/polyfill-mbstring.git",
                "reference": "8740a072b86292957feb42703edde77fcfca84fb"
            },
            "dist": {
                "type": "zip",
                "url": "https://api.github.com/repos/symfony/polyfill-mbstring/zipball/8740a072b86292957feb42703edde77fcfca84fb",
                "reference": "8740a072b86292957feb42703edde77fcfca84fb",
                "shasum": ""
            },
            "require": {
                "php": ">=7.1"
            },
            "provide": {
                "ext-mbstring": "*"
            },
            "suggest": {
                "ext-mbstring": "For best performance"
            },
            "default-branch": true,
            "type": "library",
            "extra": {
                "thanks": {
                    "name": "symfony/polyfill",
                    "url": "https://github.com/symfony/polyfill"
                }
            },
            "autoload": {
                "files": [
                    "bootstrap.php"
                ],
                "psr-4": {
                    "Symfony\\Polyfill\\Mbstring\\": ""
                }
            },
            "notification-url": "https://packagist.org/downloads/",
            "license": [
                "MIT"
            ],
            "authors": [
                {
                    "name": "Nicolas Grekas",
                    "email": "p@tchwork.com"
                },
                {
                    "name": "Symfony Community",
                    "homepage": "https://symfony.com/contributors"
                }
            ],
            "description": "Symfony polyfill for the Mbstring extension",
            "homepage": "https://symfony.com",
            "keywords": [
                "compatibility",
                "mbstring",
                "polyfill",
                "portable",
                "shim"
            ],
            "support": {
                "source": "https://github.com/symfony/polyfill-mbstring/tree/1.x"
            },
            "funding": [
                {
                    "url": "https://symfony.com/sponsor",
                    "type": "custom"
                },
                {
                    "url": "https://github.com/fabpot",
                    "type": "github"
                },
                {
                    "url": "https://tidelift.com/funding/github/packagist/symfony/symfony",
                    "type": "tidelift"
                }
            ],
            "time": "2024-06-20T08:18:00+00:00"
        },
        {
            "name": "symfony/process",
            "version": "7.2.x-dev",
            "source": {
                "type": "git",
                "url": "https://github.com/symfony/process.git",
                "reference": "bb0a8b7772610211c2cd7d6e4e36acfcbadcb613"
            },
            "dist": {
                "type": "zip",
                "url": "https://api.github.com/repos/symfony/process/zipball/bb0a8b7772610211c2cd7d6e4e36acfcbadcb613",
                "reference": "bb0a8b7772610211c2cd7d6e4e36acfcbadcb613",
                "shasum": ""
            },
            "require": {
                "php": ">=8.2"
            },
            "type": "library",
            "autoload": {
                "psr-4": {
                    "Symfony\\Component\\Process\\": ""
                },
                "exclude-from-classmap": [
                    "/Tests/"
                ]
            },
            "notification-url": "https://packagist.org/downloads/",
            "license": [
                "MIT"
            ],
            "authors": [
                {
                    "name": "Fabien Potencier",
                    "email": "fabien@symfony.com"
                },
                {
                    "name": "Symfony Community",
                    "homepage": "https://symfony.com/contributors"
                }
            ],
            "description": "Executes commands in sub-processes",
            "homepage": "https://symfony.com",
            "support": {
                "source": "https://github.com/symfony/process/tree/7.2"
            },
            "funding": [
                {
                    "url": "https://symfony.com/sponsor",
                    "type": "custom"
                },
                {
                    "url": "https://github.com/fabpot",
                    "type": "github"
                },
                {
                    "url": "https://tidelift.com/funding/github/packagist/symfony/symfony",
                    "type": "tidelift"
                }
            ],
            "time": "2024-07-29T06:33:22+00:00"
        }
    ],
    "packages-dev": [],
    "aliases": [],
    "minimum-stability": "dev",
    "stability-flags": {
        "clarion-app/eloquent-multichain-bridge": 20,
        "clarion-app/http-queue": 20,
        "php-webdriver/webdriver": 20
    },
    "prefer-stable": false,
    "prefer-lowest": false,
    "platform": [],
    "platform-dev": [],
    "plugin-api-version": "2.6.0"
}
